{
  "requires": true,
  "lockfileVersion": 1,
  "dependencies": {
    "@remix-run/router": {
      "version": "1.5.0",
      "resolved": "https://registry.npmjs.org/@remix-run/router/-/router-1.5.0.tgz",
      "integrity": "sha512-bkUDCp8o1MvFO+qxkODcbhSqRa6P2GXgrGZVpt0dCXNW2HCSCqYI0ZoAqEOSAjRWmmlKcYgFvN4B4S+zo/f8kg=="
    },
    "react-router": {
      "version": "6.10.0",
      "resolved": "https://registry.npmjs.org/react-router/-/react-router-6.10.0.tgz",
      "integrity": "sha512-Nrg0BWpQqrC3ZFFkyewrflCud9dio9ME3ojHCF/WLsprJVzkq3q3UeEhMCAW1dobjeGbWgjNn/PVF6m46ANxXQ==",
      "requires": {
        "@remix-run/router": "1.5.0"
      }
    },
    "react-router-dom": {
      "version": "6.10.0",
      "resolved": "https://registry.npmjs.org/react-router-dom/-/react-router-dom-6.10.0.tgz",
      "integrity": "sha512-E5dfxRPuXKJqzwSe/qGcqdwa18QiWC6f3H3cWXM24qj4N0/beCIf/CWTipop2xm7mR0RCS99NnaqPNjHtrAzCg==",
      "requires": {
        "@remix-run/router": "1.5.0",
        "react-router": "6.10.0"
      }
    }
  }
}
