{
  "requires": true,
  "lockfileVersion": 1,
  "dependencies": {
    "react-script": {
      "version": "2.0.5",
      "resolved": "https://registry.npmjs.org/react-script/-/react-script-2.0.5.tgz",
      "integrity": "sha512-hLFLMFAH3Rr0VJisBz/bPyaJxMEimQGvuVOBXyn3t/nmlbV6mF+nghCPoY1V4dzIi+M1A8iyyXId1cgg8eS6XA=="
    }
  }
}
